
Microsoft Visual Studio Solution File, Format Version 12.00
# Visual Studio Version 16
VisualStudioVersion = 16.0.30517.126
MinimumVisualStudioVersion = 10.0.40219.1
Project("{8BC9CEB8-8B4A-11D0-8D11-00A0C91BC942}") = "Ishak-core", "Ishak-core\Ishak-core.vcxproj", "{69060D2B-399E-4402-80B1-66039E5C54AC}"
EndProject
Global
	GlobalSection(SolutionConfigurationPlatforms) = preSolution
		Debug|x64 = Debug|x64
		Debug|x86 = Debug|x86
		Release|x64 = Release|x64
		Release|x86 = Release|x86
	EndGlobalSection
	GlobalSection(ProjectConfigurationPlatforms) = postSolution
		{69060D2B-399E-4402-80B1-66039E5C54AC}.Debug|x64.ActiveCfg = Debug|x64
		{69060D2B-399E-4402-80B1-66039E5C54AC}.Debug|x64.Build.0 = Debug|x64
		{69060D2B-399E-4402-80B1-66039E5C54AC}.Debug|x86.ActiveCfg = Debug|x64
		{69060D2B-399E-4402-80B1-66039E5C54AC}.Debug|x86.Build.0 = Debug|x64
		{69060D2B-399E-4402-80B1-66039E5C54AC}.Release|x64.ActiveCfg = Release|x64
		{69060D2B-399E-4402-80B1-66039E5C54AC}.Release|x64.Build.0 = Release|x64
		{69060D2B-399E-4402-80B1-66039E5C54AC}.Release|x86.ActiveCfg = Release|Win32
		{69060D2B-399E-4402-80B1-66039E5C54AC}.Release|x86.Build.0 = Release|Win32
	EndGlobalSection
	GlobalSection(SolutionProperties) = preSolution
		HideSolutionNode = FALSE
	EndGlobalSection
	GlobalSection(ExtensibilityGlobals) = postSolution
		SolutionGuid = {B641FA12-A2D7-403E-A29D-8787B9D1B92C}
	EndGlobalSection
EndGlobal
